
Microsoft Visual Studio Solution File, Format Version 12.00
Project("{2150E333-8FDC-42A3-9474-1A3956D46DE8}") = "Back", "Back", "{9B6CA3D5-DFAE-4D67-979D-C3175A47F300}"
EndProject
Project("{FAE04EC0-301F-11D3-BF4B-00C04F79EFBC}") = "UAM.API", "UAM.API\UAM.API.csproj", "{E0C69390-30B5-4445-89F0-9B0954EBE10A}"
EndProject
Project("{2150E333-8FDC-42A3-9474-1A3956D46DE8}") = "Dekstop", "Dekstop", "{8EE63CD1-3885-4B0D-8FB5-6283FE1480B4}"
EndProject
Project("{FAE04EC0-301F-11D3-BF4B-00C04F79EFBC}") = "ClientLauncher", "ClientLauncher\ClientLauncher.csproj", "{942C2917-B5BC-476C-AF75-86C5487D4CED}"
EndProject
Project("{FAE04EC0-301F-11D3-BF4B-00C04F79EFBC}") = "UAM.Core", "UAM.Core\UAM.Core.csproj", "{A115018E-A59F-4184-AE37-59B1BDE4D1D6}"
EndProject
Project("{FAE04EC0-301F-11D3-BF4B-00C04F79EFBC}") = "LoadLauncher", "LoadLauncher\LoadLauncher.csproj", "{D820E91E-B89E-4264-B175-27B4801E8BC3}"
EndProject
Project("{FAE04EC0-301F-11D3-BF4B-00C04F79EFBC}") = "WorkerApp", "WorkerApp\WorkerApp.csproj", "{55763037-FBE1-44AE-9A22-278187E438BF}"
EndProject
Project("{2150E333-8FDC-42A3-9474-1A3956D46DE8}") = "WorkerApp", "WorkerApp", "{F426138B-AAE6-4272-B08B-38169C416282}"
EndProject
Project("{FAE04EC0-301F-11D3-BF4B-00C04F79EFBC}") = "WorkerEmailChecker", "WorkerEmailChecker\WorkerEmailChecker.csproj", "{05074B7B-F54A-4C75-BAE3-1AFF04CD17E6}"
EndProject
Project("{2150E333-8FDC-42A3-9474-1A3956D46DE8}") = "WEB.APP", "WEB.APP", "{D56792A2-7C0F-4EE1-A556-209B83743A8B}"
EndProject
Project("{FAE04EC0-301F-11D3-BF4B-00C04F79EFBC}") = "UAManagerWeb", "UAManagerWeb\UAManagerWeb.csproj", "{CC6CE59A-3458-4F94-992F-0495417F719A}"
EndProject
Global
	GlobalSection(SolutionConfigurationPlatforms) = preSolution
		Debug|Any CPU = Debug|Any CPU
		Release|Any CPU = Release|Any CPU
	EndGlobalSection
	GlobalSection(NestedProjects) = preSolution
		{E0C69390-30B5-4445-89F0-9B0954EBE10A} = {9B6CA3D5-DFAE-4D67-979D-C3175A47F300}
		{942C2917-B5BC-476C-AF75-86C5487D4CED} = {8EE63CD1-3885-4B0D-8FB5-6283FE1480B4}
		{A115018E-A59F-4184-AE37-59B1BDE4D1D6} = {8EE63CD1-3885-4B0D-8FB5-6283FE1480B4}
		{D820E91E-B89E-4264-B175-27B4801E8BC3} = {8EE63CD1-3885-4B0D-8FB5-6283FE1480B4}
		{F426138B-AAE6-4272-B08B-38169C416282} = {8EE63CD1-3885-4B0D-8FB5-6283FE1480B4}
		{55763037-FBE1-44AE-9A22-278187E438BF} = {F426138B-AAE6-4272-B08B-38169C416282}
		{05074B7B-F54A-4C75-BAE3-1AFF04CD17E6} = {F426138B-AAE6-4272-B08B-38169C416282}
		{CC6CE59A-3458-4F94-992F-0495417F719A} = {D56792A2-7C0F-4EE1-A556-209B83743A8B}
	EndGlobalSection
	GlobalSection(ProjectConfigurationPlatforms) = postSolution
		{E0C69390-30B5-4445-89F0-9B0954EBE10A}.Debug|Any CPU.ActiveCfg = Debug|Any CPU
		{E0C69390-30B5-4445-89F0-9B0954EBE10A}.Debug|Any CPU.Build.0 = Debug|Any CPU
		{E0C69390-30B5-4445-89F0-9B0954EBE10A}.Release|Any CPU.ActiveCfg = Release|Any CPU
		{E0C69390-30B5-4445-89F0-9B0954EBE10A}.Release|Any CPU.Build.0 = Release|Any CPU
		{942C2917-B5BC-476C-AF75-86C5487D4CED}.Debug|Any CPU.ActiveCfg = Debug|Any CPU
		{942C2917-B5BC-476C-AF75-86C5487D4CED}.Debug|Any CPU.Build.0 = Debug|Any CPU
		{942C2917-B5BC-476C-AF75-86C5487D4CED}.Release|Any CPU.ActiveCfg = Release|Any CPU
		{942C2917-B5BC-476C-AF75-86C5487D4CED}.Release|Any CPU.Build.0 = Release|Any CPU
		{A115018E-A59F-4184-AE37-59B1BDE4D1D6}.Debug|Any CPU.ActiveCfg = Debug|Any CPU
		{A115018E-A59F-4184-AE37-59B1BDE4D1D6}.Debug|Any CPU.Build.0 = Debug|Any CPU
		{A115018E-A59F-4184-AE37-59B1BDE4D1D6}.Release|Any CPU.ActiveCfg = Release|Any CPU
		{A115018E-A59F-4184-AE37-59B1BDE4D1D6}.Release|Any CPU.Build.0 = Release|Any CPU
		{D820E91E-B89E-4264-B175-27B4801E8BC3}.Debug|Any CPU.ActiveCfg = Debug|Any CPU
		{D820E91E-B89E-4264-B175-27B4801E8BC3}.Debug|Any CPU.Build.0 = Debug|Any CPU
		{D820E91E-B89E-4264-B175-27B4801E8BC3}.Release|Any CPU.ActiveCfg = Release|Any CPU
		{D820E91E-B89E-4264-B175-27B4801E8BC3}.Release|Any CPU.Build.0 = Release|Any CPU
		{55763037-FBE1-44AE-9A22-278187E438BF}.Debug|Any CPU.ActiveCfg = Debug|Any CPU
		{55763037-FBE1-44AE-9A22-278187E438BF}.Debug|Any CPU.Build.0 = Debug|Any CPU
		{55763037-FBE1-44AE-9A22-278187E438BF}.Release|Any CPU.ActiveCfg = Release|Any CPU
		{55763037-FBE1-44AE-9A22-278187E438BF}.Release|Any CPU.Build.0 = Release|Any CPU
		{05074B7B-F54A-4C75-BAE3-1AFF04CD17E6}.Debug|Any CPU.ActiveCfg = Debug|Any CPU
		{05074B7B-F54A-4C75-BAE3-1AFF04CD17E6}.Debug|Any CPU.Build.0 = Debug|Any CPU
		{05074B7B-F54A-4C75-BAE3-1AFF04CD17E6}.Release|Any CPU.ActiveCfg = Release|Any CPU
		{05074B7B-F54A-4C75-BAE3-1AFF04CD17E6}.Release|Any CPU.Build.0 = Release|Any CPU
		{CC6CE59A-3458-4F94-992F-0495417F719A}.Debug|Any CPU.ActiveCfg = Debug|Any CPU
		{CC6CE59A-3458-4F94-992F-0495417F719A}.Debug|Any CPU.Build.0 = Debug|Any CPU
		{CC6CE59A-3458-4F94-992F-0495417F719A}.Release|Any CPU.ActiveCfg = Release|Any CPU
		{CC6CE59A-3458-4F94-992F-0495417F719A}.Release|Any CPU.Build.0 = Release|Any CPU
	EndGlobalSection
EndGlobal
