
Microsoft Visual Studio Solution File, Format Version 12.00
Project("{2150E333-8FDC-42A3-9474-1A3956D46DE8}") = "Back", "Back", "{9B6CA3D5-DFAE-4D67-979D-C3175A47F300}"
EndProject
Project("{FAE04EC0-301F-11D3-BF4B-00C04F79EFBC}") = "UAM.API", "UAM.API\UAM.API.csproj", "{E0C69390-30B5-4445-89F0-9B0954EBE10A}"
EndProject
Project("{2150E333-8FDC-42A3-9474-1A3956D46DE8}") = "Dekstop", "Dekstop", "{8EE63CD1-3885-4B0D-8FB5-6283FE1480B4}"
EndProject
Project("{FAE04EC0-301F-11D3-BF4B-00C04F79EFBC}") = "ClientLauncher", "ClientLauncher\ClientLauncher.csproj", "{942C2917-B5BC-476C-AF75-86C5487D4CED}"
EndProject
Project("{FAE04EC0-301F-11D3-BF4B-00C04F79EFBC}") = "UAM.Core", "UAM.Core\UAM.Core.csproj", "{A115018E-A59F-4184-AE37-59B1BDE4D1D6}"
EndProject
Global
	GlobalSection(SolutionConfigurationPlatforms) = preSolution
		Debug|Any CPU = Debug|Any CPU
		Release|Any CPU = Release|Any CPU
	EndGlobalSection
	GlobalSection(NestedProjects) = preSolution
		{E0C69390-30B5-4445-89F0-9B0954EBE10A} = {9B6CA3D5-DFAE-4D67-979D-C3175A47F300}
		{942C2917-B5BC-476C-AF75-86C5487D4CED} = {8EE63CD1-3885-4B0D-8FB5-6283FE1480B4}
		{A115018E-A59F-4184-AE37-59B1BDE4D1D6} = {8EE63CD1-3885-4B0D-8FB5-6283FE1480B4}
	EndGlobalSection
	GlobalSection(ProjectConfigurationPlatforms) = postSolution
		{E0C69390-30B5-4445-89F0-9B0954EBE10A}.Debug|Any CPU.ActiveCfg = Debug|Any CPU
		{E0C69390-30B5-4445-89F0-9B0954EBE10A}.Debug|Any CPU.Build.0 = Debug|Any CPU
		{E0C69390-30B5-4445-89F0-9B0954EBE10A}.Release|Any CPU.ActiveCfg = Release|Any CPU
		{E0C69390-30B5-4445-89F0-9B0954EBE10A}.Release|Any CPU.Build.0 = Release|Any CPU
		{942C2917-B5BC-476C-AF75-86C5487D4CED}.Debug|Any CPU.ActiveCfg = Debug|Any CPU
		{942C2917-B5BC-476C-AF75-86C5487D4CED}.Debug|Any CPU.Build.0 = Debug|Any CPU
		{942C2917-B5BC-476C-AF75-86C5487D4CED}.Release|Any CPU.ActiveCfg = Release|Any CPU
		{942C2917-B5BC-476C-AF75-86C5487D4CED}.Release|Any CPU.Build.0 = Release|Any CPU
		{A115018E-A59F-4184-AE37-59B1BDE4D1D6}.Debug|Any CPU.ActiveCfg = Debug|Any CPU
		{A115018E-A59F-4184-AE37-59B1BDE4D1D6}.Debug|Any CPU.Build.0 = Debug|Any CPU
		{A115018E-A59F-4184-AE37-59B1BDE4D1D6}.Release|Any CPU.ActiveCfg = Release|Any CPU
		{A115018E-A59F-4184-AE37-59B1BDE4D1D6}.Release|Any CPU.Build.0 = Release|Any CPU
	EndGlobalSection
EndGlobal
